
Microsoft Visual Studio Solution File, Format Version 12.00
# Visual Studio Version 16
VisualStudioVersion = 16.0.28922.388
MinimumVisualStudioVersion = 10.0.40219.1
Project("{FAE04EC0-301F-11D3-BF4B-00C04F79EFBC}") = "BlazorMaterialDesign", "BlazorMaterialDesign\BlazorMaterialDesign.csproj", "{B82F121D-8F47-491C-B7DA-9EBE39684F6A}"
EndProject
Global
	GlobalSection(SolutionConfigurationPlatforms) = preSolution
		Debug|Any CPU = Debug|Any CPU
		Release|Any CPU = Release|Any CPU
	EndGlobalSection
	GlobalSection(ProjectConfigurationPlatforms) = postSolution
		{B82F121D-8F47-491C-B7DA-9EBE39684F6A}.Debug|Any CPU.ActiveCfg = Debug|Any CPU
		{B82F121D-8F47-491C-B7DA-9EBE39684F6A}.Debug|Any CPU.Build.0 = Debug|Any CPU
		{B82F121D-8F47-491C-B7DA-9EBE39684F6A}.Release|Any CPU.ActiveCfg = Release|Any CPU
		{B82F121D-8F47-491C-B7DA-9EBE39684F6A}.Release|Any CPU.Build.0 = Release|Any CPU
	EndGlobalSection
	GlobalSection(SolutionProperties) = preSolution
		HideSolutionNode = FALSE
	EndGlobalSection
	GlobalSection(ExtensibilityGlobals) = postSolution
		SolutionGuid = {64BC7C21-5AE7-444C-9521-64FAD227E246}
	EndGlobalSection
EndGlobal
